// !$*UTF8*$!
{
	archiveVersion = 1;
	classes = {
	};
	objectVersion = 46;
	objects = {

/* Begin PBXBuildFile section */
		00E356F31AD99517003FC87E /* ABOTests.m in Sources */ = {isa = PBXBuildFile; fileRef = 00E356F21AD99517003FC87E /* ABOTests.m */; };
		13B07FBC1A68108700A75B9A /* AppDelegate.m in Sources */ = {isa = PBXBuildFile; fileRef = 13B07FB01A68108700A75B9A /* AppDelegate.m */; };
		13B07FBD1A68108700A75B9A /* LaunchScreen.xib in Resources */ = {isa = PBXBuildFile; fileRef = 13B07FB11A68108700A75B9A /* LaunchScreen.xib */; };
		13B07FBF1A68108700A75B9A /* Images.xcassets in Resources */ = {isa = PBXBuildFile; fileRef = 13B07FB51A68108700A75B9A /* Images.xcassets */; };
		13B07FC11A68108700A75B9A /* main.m in Sources */ = {isa = PBXBuildFile; fileRef = 13B07FB71A68108700A75B9A /* main.m */; };
		2D02E4BC1E0B4A80006451C7 /* AppDelegate.m in Sources */ = {isa = PBXBuildFile; fileRef = 13B07FB01A68108700A75B9A /* AppDelegate.m */; };
		2D02E4BD1E0B4A84006451C7 /* Images.xcassets in Resources */ = {isa = PBXBuildFile; fileRef = 13B07FB51A68108700A75B9A /* Images.xcassets */; };
		2D02E4BF1E0B4AB3006451C7 /* main.m in Sources */ = {isa = PBXBuildFile; fileRef = 13B07FB71A68108700A75B9A /* main.m */; };
		2DCD954D1E0B4F2C00145EB5 /* ABOTests.m in Sources */ = {isa = PBXBuildFile; fileRef = 00E356F21AD99517003FC87E /* ABOTests.m */; };
		C8955ABE5A424AAEBD62745C /* Montserrat-Bold.ttf in Resources */ = {isa = PBXBuildFile; fileRef = 0D3B154559474403B3945815 /* Montserrat-Bold.ttf */; };
		5B256EE25B2D46C08BCA7798 /* Montserrat-Medium.ttf in Resources */ = {isa = PBXBuildFile; fileRef = 971B5441588641C68EFBB26E /* Montserrat-Medium.ttf */; };
		16B8FD4785EA49BBA401D3C1 /* Montserrat-Regular.ttf in Resources */ = {isa = PBXBuildFile; fileRef = 4092BF15A1E8406588D73DC2 /* Montserrat-Regular.ttf */; };
		26B4D9EBCDFC467E8F887758 /* Montserrat-SemiBold.ttf in Resources */ = {isa = PBXBuildFile; fileRef = 4666C39431A4427BB59F930B /* Montserrat-SemiBold.ttf */; };
		78E008F2D3EF49DC8D6405D9 /* Poppins-Regular.ttf in Resources */ = {isa = PBXBuildFile; fileRef = 74D3CDFE803A4D7C9E9105BA /* Poppins-Regular.ttf */; };
		CF095BF431414DF98F4A7B84 /* Roboto-Medium.ttf in Resources */ = {isa = PBXBuildFile; fileRef = D58272A850DE48D98A2B8BE4 /* Roboto-Medium.ttf */; };
		A3EDA3BA85E048BD91F5A408 /* Roboto-Regular.ttf in Resources */ = {isa = PBXBuildFile; fileRef = 45F0741C4CC84970BDE1E106 /* Roboto-Regular.ttf */; };
<<<<<<< HEAD
		8230D756EA1F4D579C21EBA5 /* AntDesign.ttf in Resources */ = {isa = PBXBuildFile; fileRef = 894C23CFF90A4F94952F6D0E /* AntDesign.ttf */; };
		ED8816EFE34F44689D9A04C3 /* Entypo.ttf in Resources */ = {isa = PBXBuildFile; fileRef = 99F4576E586E4B0D9E20D7D1 /* Entypo.ttf */; };
		D87F65B9076540C8B687C927 /* EvilIcons.ttf in Resources */ = {isa = PBXBuildFile; fileRef = E221F4463004409299FE8671 /* EvilIcons.ttf */; };
		5E0738EE280C4CA7A63E4C0A /* Feather.ttf in Resources */ = {isa = PBXBuildFile; fileRef = A57D251FB8684AD3B217D8E7 /* Feather.ttf */; };
		305C75395D584EF99DE7DFB8 /* FontAwesome.ttf in Resources */ = {isa = PBXBuildFile; fileRef = B9082D0B7A274AFEA753F893 /* FontAwesome.ttf */; };
		896532C63A674A91A9A03A72 /* FontAwesome5_Brands.ttf in Resources */ = {isa = PBXBuildFile; fileRef = 29567E707B694B56896C48E9 /* FontAwesome5_Brands.ttf */; };
		F1B98C3D9536476EA9CE74C1 /* FontAwesome5_Regular.ttf in Resources */ = {isa = PBXBuildFile; fileRef = 9B7F6C758C5649E38B208F38 /* FontAwesome5_Regular.ttf */; };
		3DD5D6EB2AAF4E3FBF6B083F /* FontAwesome5_Solid.ttf in Resources */ = {isa = PBXBuildFile; fileRef = 1F15CEC5F9A24E359556E23B /* FontAwesome5_Solid.ttf */; };
		5E4FC1E83FCC4FC2B3C75A97 /* Fontisto.ttf in Resources */ = {isa = PBXBuildFile; fileRef = E96E6689CF244F76BCD0C79B /* Fontisto.ttf */; };
		4BC00FAEEDF84794847EFB78 /* Foundation.ttf in Resources */ = {isa = PBXBuildFile; fileRef = 5916E1110CA24EF5A5D5B06C /* Foundation.ttf */; };
		97F38D302C77433BA5BB077D /* Ionicons.ttf in Resources */ = {isa = PBXBuildFile; fileRef = F00F013BE3A8442F9C612569 /* Ionicons.ttf */; };
		AF1FDDBFB30C4BB090C5B673 /* MaterialCommunityIcons.ttf in Resources */ = {isa = PBXBuildFile; fileRef = 869B048CE8804E24BC5556BC /* MaterialCommunityIcons.ttf */; };
		38B647E1C5DE4CBDBE5D3723 /* MaterialIcons.ttf in Resources */ = {isa = PBXBuildFile; fileRef = 32C704E5553244E89E4DADCD /* MaterialIcons.ttf */; };
		ACA0F0FC7AAC4652BE3EDC23 /* Octicons.ttf in Resources */ = {isa = PBXBuildFile; fileRef = 84D83AF110434B6BADA99C01 /* Octicons.ttf */; };
		9022FFA7147A4486BCB9060A /* SimpleLineIcons.ttf in Resources */ = {isa = PBXBuildFile; fileRef = 3636E33B59374FECB52D07CF /* SimpleLineIcons.ttf */; };
		D44D28C0E2A9472EA6883EA5 /* Zocial.ttf in Resources */ = {isa = PBXBuildFile; fileRef = 6DE7D4C12E4144E693706422 /* Zocial.ttf */; };
=======
<<<<<<< HEAD
		045DE62FCFD54C22A0ABB4DF /* AntDesign.ttf in Resources */ = {isa = PBXBuildFile; fileRef = DF6A5AA7EC134697A0156E45 /* AntDesign.ttf */; };
		93DDCC66FA0046CD90767811 /* Entypo.ttf in Resources */ = {isa = PBXBuildFile; fileRef = 081490D721EC4DBAAA0BF39B /* Entypo.ttf */; };
		A47DD327AB9D47A2839677CB /* EvilIcons.ttf in Resources */ = {isa = PBXBuildFile; fileRef = 611D2844503E4517AC1E9B97 /* EvilIcons.ttf */; };
		4983A3570DFE42D8A48BA43E /* Feather.ttf in Resources */ = {isa = PBXBuildFile; fileRef = 0ED4854A62A449079F21E000 /* Feather.ttf */; };
		79300FB88876482AAF09B50E /* FontAwesome.ttf in Resources */ = {isa = PBXBuildFile; fileRef = 2236EE6D643D40A3879F28D2 /* FontAwesome.ttf */; };
		8E3592FF15CA4773AE373FC7 /* FontAwesome5_Brands.ttf in Resources */ = {isa = PBXBuildFile; fileRef = 29BFC9F10F6C473F88122DF2 /* FontAwesome5_Brands.ttf */; };
		D394BAB5ACCE4A96B98D854C /* FontAwesome5_Regular.ttf in Resources */ = {isa = PBXBuildFile; fileRef = 2B6D0329C352498EBCFA177D /* FontAwesome5_Regular.ttf */; };
		72047EF4DB314031AA1C847D /* FontAwesome5_Solid.ttf in Resources */ = {isa = PBXBuildFile; fileRef = 5A70E1712D274160ACF38601 /* FontAwesome5_Solid.ttf */; };
		613C5DD1814A4E929E0654CD /* Fontisto.ttf in Resources */ = {isa = PBXBuildFile; fileRef = 8EBB4C1CC9E64F41B427D84B /* Fontisto.ttf */; };
		F86DA5A680B541EBBD42B8B6 /* Foundation.ttf in Resources */ = {isa = PBXBuildFile; fileRef = BC1D85519AA045A4AE5A4385 /* Foundation.ttf */; };
		1AD09062B77647229CCDFDC5 /* Ionicons.ttf in Resources */ = {isa = PBXBuildFile; fileRef = 1AC98436C4C64329AF442729 /* Ionicons.ttf */; };
		E6213F99615E44D797A35E87 /* MaterialCommunityIcons.ttf in Resources */ = {isa = PBXBuildFile; fileRef = 6B0226117DF5433F9DABAC35 /* MaterialCommunityIcons.ttf */; };
		0446A85405A04314B9EEFB55 /* MaterialIcons.ttf in Resources */ = {isa = PBXBuildFile; fileRef = 2239F62A0C94441CB09A5E0F /* MaterialIcons.ttf */; };
		9AB1CD370E7949B0B2C0D549 /* Octicons.ttf in Resources */ = {isa = PBXBuildFile; fileRef = B0178A14FC35437BAAB0EC81 /* Octicons.ttf */; };
		9B696B9B015F4F4AB59EE5C0 /* SimpleLineIcons.ttf in Resources */ = {isa = PBXBuildFile; fileRef = A7FE4564626E479083B5E301 /* SimpleLineIcons.ttf */; };
		09C136D4BB0649559F194F0D /* Zocial.ttf in Resources */ = {isa = PBXBuildFile; fileRef = 40108D9CB42A43A08D0A241A /* Zocial.ttf */; };
=======
		504EDF43E470481B897194AE /* AntDesign.ttf in Resources */ = {isa = PBXBuildFile; fileRef = C43179C333E643C59968C457 /* AntDesign.ttf */; };
		A6D15EEA0F5842AAB7F01A8B /* Entypo.ttf in Resources */ = {isa = PBXBuildFile; fileRef = 64663C0FF8A647EEA81669C0 /* Entypo.ttf */; };
		7200B5C41F8145C59DE6CBEF /* EvilIcons.ttf in Resources */ = {isa = PBXBuildFile; fileRef = C97C96B1F4FC40648FCB6B03 /* EvilIcons.ttf */; };
		9AA56427DADB4748A16B3BC6 /* Feather.ttf in Resources */ = {isa = PBXBuildFile; fileRef = 26247A7AD1114327BE0F6D97 /* Feather.ttf */; };
		115EB869D2F642C49434F6F5 /* FontAwesome.ttf in Resources */ = {isa = PBXBuildFile; fileRef = 47755A8B4E754349A3501BEB /* FontAwesome.ttf */; };
		3E40EA5CFDBD4B168AF93E0D /* FontAwesome5_Brands.ttf in Resources */ = {isa = PBXBuildFile; fileRef = 6C5D55E33DF3456C84DD3514 /* FontAwesome5_Brands.ttf */; };
		3BE8FFAFD5DF4551854EE470 /* FontAwesome5_Regular.ttf in Resources */ = {isa = PBXBuildFile; fileRef = 2BAB8BBF7564472AAE7DAAF4 /* FontAwesome5_Regular.ttf */; };
		9B2717FB0C3A4B5D94979B35 /* FontAwesome5_Solid.ttf in Resources */ = {isa = PBXBuildFile; fileRef = CDAB5D4FFAD241D683C4DBDC /* FontAwesome5_Solid.ttf */; };
		A367777DFD674CF9978CD15C /* Fontisto.ttf in Resources */ = {isa = PBXBuildFile; fileRef = CDA69121EDC84D7CA4FDEDD0 /* Fontisto.ttf */; };
		3ECB9868F024445184930821 /* Foundation.ttf in Resources */ = {isa = PBXBuildFile; fileRef = 76E6D70880044956B438033A /* Foundation.ttf */; };
		FB184F950EF44CFB946EF951 /* Ionicons.ttf in Resources */ = {isa = PBXBuildFile; fileRef = 2690E5E8895945838B4C21B7 /* Ionicons.ttf */; };
		3943A8E4CAE44657AC300749 /* MaterialCommunityIcons.ttf in Resources */ = {isa = PBXBuildFile; fileRef = 7D492EF028A541DD927E8056 /* MaterialCommunityIcons.ttf */; };
		D80400CB5735429A8CA89A92 /* MaterialIcons.ttf in Resources */ = {isa = PBXBuildFile; fileRef = CFF31E379F5748DB8BDF7B6F /* MaterialIcons.ttf */; };
		7873CC78534144BA8158DF67 /* Octicons.ttf in Resources */ = {isa = PBXBuildFile; fileRef = E3A8A21001EF443CB0334B8C /* Octicons.ttf */; };
		6BA6A004C7CF49AC858DAB45 /* SimpleLineIcons.ttf in Resources */ = {isa = PBXBuildFile; fileRef = 93C05B5C11FC4C42B419621D /* SimpleLineIcons.ttf */; };
		B3ED2C2A4A4F49C88F88FB3E /* Zocial.ttf in Resources */ = {isa = PBXBuildFile; fileRef = 3624C3AEEB58468CADCB7326 /* Zocial.ttf */; };
>>>>>>> a8b76dfc0601773c88cf89303a4f4ff235038bd5
>>>>>>> 000964c5472ae551375f3c47812e56e4bb9b8637
/* End PBXBuildFile section */

/* Begin PBXContainerItemProxy section */
		00E356F41AD99517003FC87E /* PBXContainerItemProxy */ = {
			isa = PBXContainerItemProxy;
			containerPortal = 83CBB9F71A601CBA00E9B192 /* Project object */;
			proxyType = 1;
			remoteGlobalIDString = 13B07F861A680F5B00A75B9A;
			remoteInfo = ABO;
		};
		2D02E4911E0B4A5D006451C7 /* PBXContainerItemProxy */ = {
			isa = PBXContainerItemProxy;
			containerPortal = 83CBB9F71A601CBA00E9B192 /* Project object */;
			proxyType = 1;
			remoteGlobalIDString = 2D02E47A1E0B4A5D006451C7;
			remoteInfo = "ABO-tvOS";
		};
/* End PBXContainerItemProxy section */

/* Begin PBXFileReference section */
		008F07F21AC5B25A0029DE68 /* main.jsbundle */ = {isa = PBXFileReference; fileEncoding = 4; lastKnownFileType = text; path = main.jsbundle; sourceTree = "<group>"; };
		00E356EE1AD99517003FC87E /* ABOTests.xctest */ = {isa = PBXFileReference; explicitFileType = wrapper.cfbundle; includeInIndex = 0; path = ABOTests.xctest; sourceTree = BUILT_PRODUCTS_DIR; };
		00E356F11AD99517003FC87E /* Info.plist */ = {isa = PBXFileReference; lastKnownFileType = text.plist.xml; path = Info.plist; sourceTree = "<group>"; };
		00E356F21AD99517003FC87E /* ABOTests.m */ = {isa = PBXFileReference; lastKnownFileType = sourcecode.c.objc; path = ABOTests.m; sourceTree = "<group>"; };
		13B07F961A680F5B00A75B9A /* ABO.app */ = {isa = PBXFileReference; explicitFileType = wrapper.application; includeInIndex = 0; path = ABO.app; sourceTree = BUILT_PRODUCTS_DIR; };
		13B07FAF1A68108700A75B9A /* AppDelegate.h */ = {isa = PBXFileReference; fileEncoding = 4; lastKnownFileType = sourcecode.c.h; name = AppDelegate.h; path = ABO/AppDelegate.h; sourceTree = "<group>"; };
		13B07FB01A68108700A75B9A /* AppDelegate.m */ = {isa = PBXFileReference; fileEncoding = 4; lastKnownFileType = sourcecode.c.objc; name = AppDelegate.m; path = ABO/AppDelegate.m; sourceTree = "<group>"; };
		13B07FB21A68108700A75B9A /* Base */ = {isa = PBXFileReference; lastKnownFileType = file.xib; name = Base; path = Base.lproj/LaunchScreen.xib; sourceTree = "<group>"; };
		13B07FB51A68108700A75B9A /* Images.xcassets */ = {isa = PBXFileReference; lastKnownFileType = folder.assetcatalog; name = Images.xcassets; path = ABO/Images.xcassets; sourceTree = "<group>"; };
		13B07FB61A68108700A75B9A /* Info.plist */ = {isa = PBXFileReference; fileEncoding = 4; lastKnownFileType = text.plist.xml; name = Info.plist; path = ABO/Info.plist; sourceTree = "<group>"; };
		13B07FB71A68108700A75B9A /* main.m */ = {isa = PBXFileReference; fileEncoding = 4; lastKnownFileType = sourcecode.c.objc; name = main.m; path = ABO/main.m; sourceTree = "<group>"; };
		2D02E47B1E0B4A5D006451C7 /* ABO-tvOS.app */ = {isa = PBXFileReference; explicitFileType = wrapper.application; includeInIndex = 0; path = "ABO-tvOS.app"; sourceTree = BUILT_PRODUCTS_DIR; };
		2D02E4901E0B4A5D006451C7 /* ABO-tvOSTests.xctest */ = {isa = PBXFileReference; explicitFileType = wrapper.cfbundle; includeInIndex = 0; path = "ABO-tvOSTests.xctest"; sourceTree = BUILT_PRODUCTS_DIR; };
		ED297162215061F000B7C4FE /* JavaScriptCore.framework */ = {isa = PBXFileReference; lastKnownFileType = wrapper.framework; name = JavaScriptCore.framework; path = System/Library/Frameworks/JavaScriptCore.framework; sourceTree = SDKROOT; };
		ED2971642150620600B7C4FE /* JavaScriptCore.framework */ = {isa = PBXFileReference; lastKnownFileType = wrapper.framework; name = JavaScriptCore.framework; path = Platforms/AppleTVOS.platform/Developer/SDKs/AppleTVOS12.0.sdk/System/Library/Frameworks/JavaScriptCore.framework; sourceTree = DEVELOPER_DIR; };
		0D3B154559474403B3945815 /* Montserrat-Bold.ttf */ = {isa = PBXFileReference; name = "Montserrat-Bold.ttf"; path = "../assets/fonts/Montserrat-Bold.ttf"; sourceTree = "<group>"; fileEncoding = undefined; lastKnownFileType = unknown; explicitFileType = undefined; includeInIndex = 0; };
		971B5441588641C68EFBB26E /* Montserrat-Medium.ttf */ = {isa = PBXFileReference; name = "Montserrat-Medium.ttf"; path = "../assets/fonts/Montserrat-Medium.ttf"; sourceTree = "<group>"; fileEncoding = undefined; lastKnownFileType = unknown; explicitFileType = undefined; includeInIndex = 0; };
		4092BF15A1E8406588D73DC2 /* Montserrat-Regular.ttf */ = {isa = PBXFileReference; name = "Montserrat-Regular.ttf"; path = "../assets/fonts/Montserrat-Regular.ttf"; sourceTree = "<group>"; fileEncoding = undefined; lastKnownFileType = unknown; explicitFileType = undefined; includeInIndex = 0; };
		4666C39431A4427BB59F930B /* Montserrat-SemiBold.ttf */ = {isa = PBXFileReference; name = "Montserrat-SemiBold.ttf"; path = "../assets/fonts/Montserrat-SemiBold.ttf"; sourceTree = "<group>"; fileEncoding = undefined; lastKnownFileType = unknown; explicitFileType = undefined; includeInIndex = 0; };
		74D3CDFE803A4D7C9E9105BA /* Poppins-Regular.ttf */ = {isa = PBXFileReference; name = "Poppins-Regular.ttf"; path = "../assets/fonts/Poppins-Regular.ttf"; sourceTree = "<group>"; fileEncoding = undefined; lastKnownFileType = unknown; explicitFileType = undefined; includeInIndex = 0; };
		D58272A850DE48D98A2B8BE4 /* Roboto-Medium.ttf */ = {isa = PBXFileReference; name = "Roboto-Medium.ttf"; path = "../assets/fonts/Roboto-Medium.ttf"; sourceTree = "<group>"; fileEncoding = undefined; lastKnownFileType = unknown; explicitFileType = undefined; includeInIndex = 0; };
		45F0741C4CC84970BDE1E106 /* Roboto-Regular.ttf */ = {isa = PBXFileReference; name = "Roboto-Regular.ttf"; path = "../assets/fonts/Roboto-Regular.ttf"; sourceTree = "<group>"; fileEncoding = undefined; lastKnownFileType = unknown; explicitFileType = undefined; includeInIndex = 0; };
<<<<<<< HEAD
		894C23CFF90A4F94952F6D0E /* AntDesign.ttf */ = {isa = PBXFileReference; name = "AntDesign.ttf"; path = "../node_modules/react-native-vector-icons/Fonts/AntDesign.ttf"; sourceTree = "<group>"; fileEncoding = undefined; lastKnownFileType = unknown; explicitFileType = undefined; includeInIndex = 0; };
		99F4576E586E4B0D9E20D7D1 /* Entypo.ttf */ = {isa = PBXFileReference; name = "Entypo.ttf"; path = "../node_modules/react-native-vector-icons/Fonts/Entypo.ttf"; sourceTree = "<group>"; fileEncoding = undefined; lastKnownFileType = unknown; explicitFileType = undefined; includeInIndex = 0; };
		E221F4463004409299FE8671 /* EvilIcons.ttf */ = {isa = PBXFileReference; name = "EvilIcons.ttf"; path = "../node_modules/react-native-vector-icons/Fonts/EvilIcons.ttf"; sourceTree = "<group>"; fileEncoding = undefined; lastKnownFileType = unknown; explicitFileType = undefined; includeInIndex = 0; };
		A57D251FB8684AD3B217D8E7 /* Feather.ttf */ = {isa = PBXFileReference; name = "Feather.ttf"; path = "../node_modules/react-native-vector-icons/Fonts/Feather.ttf"; sourceTree = "<group>"; fileEncoding = undefined; lastKnownFileType = unknown; explicitFileType = undefined; includeInIndex = 0; };
		B9082D0B7A274AFEA753F893 /* FontAwesome.ttf */ = {isa = PBXFileReference; name = "FontAwesome.ttf"; path = "../node_modules/react-native-vector-icons/Fonts/FontAwesome.ttf"; sourceTree = "<group>"; fileEncoding = undefined; lastKnownFileType = unknown; explicitFileType = undefined; includeInIndex = 0; };
		29567E707B694B56896C48E9 /* FontAwesome5_Brands.ttf */ = {isa = PBXFileReference; name = "FontAwesome5_Brands.ttf"; path = "../node_modules/react-native-vector-icons/Fonts/FontAwesome5_Brands.ttf"; sourceTree = "<group>"; fileEncoding = undefined; lastKnownFileType = unknown; explicitFileType = undefined; includeInIndex = 0; };
		9B7F6C758C5649E38B208F38 /* FontAwesome5_Regular.ttf */ = {isa = PBXFileReference; name = "FontAwesome5_Regular.ttf"; path = "../node_modules/react-native-vector-icons/Fonts/FontAwesome5_Regular.ttf"; sourceTree = "<group>"; fileEncoding = undefined; lastKnownFileType = unknown; explicitFileType = undefined; includeInIndex = 0; };
		1F15CEC5F9A24E359556E23B /* FontAwesome5_Solid.ttf */ = {isa = PBXFileReference; name = "FontAwesome5_Solid.ttf"; path = "../node_modules/react-native-vector-icons/Fonts/FontAwesome5_Solid.ttf"; sourceTree = "<group>"; fileEncoding = undefined; lastKnownFileType = unknown; explicitFileType = undefined; includeInIndex = 0; };
		E96E6689CF244F76BCD0C79B /* Fontisto.ttf */ = {isa = PBXFileReference; name = "Fontisto.ttf"; path = "../node_modules/react-native-vector-icons/Fonts/Fontisto.ttf"; sourceTree = "<group>"; fileEncoding = undefined; lastKnownFileType = unknown; explicitFileType = undefined; includeInIndex = 0; };
		5916E1110CA24EF5A5D5B06C /* Foundation.ttf */ = {isa = PBXFileReference; name = "Foundation.ttf"; path = "../node_modules/react-native-vector-icons/Fonts/Foundation.ttf"; sourceTree = "<group>"; fileEncoding = undefined; lastKnownFileType = unknown; explicitFileType = undefined; includeInIndex = 0; };
		F00F013BE3A8442F9C612569 /* Ionicons.ttf */ = {isa = PBXFileReference; name = "Ionicons.ttf"; path = "../node_modules/react-native-vector-icons/Fonts/Ionicons.ttf"; sourceTree = "<group>"; fileEncoding = undefined; lastKnownFileType = unknown; explicitFileType = undefined; includeInIndex = 0; };
		869B048CE8804E24BC5556BC /* MaterialCommunityIcons.ttf */ = {isa = PBXFileReference; name = "MaterialCommunityIcons.ttf"; path = "../node_modules/react-native-vector-icons/Fonts/MaterialCommunityIcons.ttf"; sourceTree = "<group>"; fileEncoding = undefined; lastKnownFileType = unknown; explicitFileType = undefined; includeInIndex = 0; };
		32C704E5553244E89E4DADCD /* MaterialIcons.ttf */ = {isa = PBXFileReference; name = "MaterialIcons.ttf"; path = "../node_modules/react-native-vector-icons/Fonts/MaterialIcons.ttf"; sourceTree = "<group>"; fileEncoding = undefined; lastKnownFileType = unknown; explicitFileType = undefined; includeInIndex = 0; };
		84D83AF110434B6BADA99C01 /* Octicons.ttf */ = {isa = PBXFileReference; name = "Octicons.ttf"; path = "../node_modules/react-native-vector-icons/Fonts/Octicons.ttf"; sourceTree = "<group>"; fileEncoding = undefined; lastKnownFileType = unknown; explicitFileType = undefined; includeInIndex = 0; };
		3636E33B59374FECB52D07CF /* SimpleLineIcons.ttf */ = {isa = PBXFileReference; name = "SimpleLineIcons.ttf"; path = "../node_modules/react-native-vector-icons/Fonts/SimpleLineIcons.ttf"; sourceTree = "<group>"; fileEncoding = undefined; lastKnownFileType = unknown; explicitFileType = undefined; includeInIndex = 0; };
		6DE7D4C12E4144E693706422 /* Zocial.ttf */ = {isa = PBXFileReference; name = "Zocial.ttf"; path = "../node_modules/react-native-vector-icons/Fonts/Zocial.ttf"; sourceTree = "<group>"; fileEncoding = undefined; lastKnownFileType = unknown; explicitFileType = undefined; includeInIndex = 0; };
=======
<<<<<<< HEAD
		DF6A5AA7EC134697A0156E45 /* AntDesign.ttf */ = {isa = PBXFileReference; name = "AntDesign.ttf"; path = "../node_modules/react-native-vector-icons/Fonts/AntDesign.ttf"; sourceTree = "<group>"; fileEncoding = undefined; lastKnownFileType = unknown; explicitFileType = undefined; includeInIndex = 0; };
		081490D721EC4DBAAA0BF39B /* Entypo.ttf */ = {isa = PBXFileReference; name = "Entypo.ttf"; path = "../node_modules/react-native-vector-icons/Fonts/Entypo.ttf"; sourceTree = "<group>"; fileEncoding = undefined; lastKnownFileType = unknown; explicitFileType = undefined; includeInIndex = 0; };
		611D2844503E4517AC1E9B97 /* EvilIcons.ttf */ = {isa = PBXFileReference; name = "EvilIcons.ttf"; path = "../node_modules/react-native-vector-icons/Fonts/EvilIcons.ttf"; sourceTree = "<group>"; fileEncoding = undefined; lastKnownFileType = unknown; explicitFileType = undefined; includeInIndex = 0; };
		0ED4854A62A449079F21E000 /* Feather.ttf */ = {isa = PBXFileReference; name = "Feather.ttf"; path = "../node_modules/react-native-vector-icons/Fonts/Feather.ttf"; sourceTree = "<group>"; fileEncoding = undefined; lastKnownFileType = unknown; explicitFileType = undefined; includeInIndex = 0; };
		2236EE6D643D40A3879F28D2 /* FontAwesome.ttf */ = {isa = PBXFileReference; name = "FontAwesome.ttf"; path = "../node_modules/react-native-vector-icons/Fonts/FontAwesome.ttf"; sourceTree = "<group>"; fileEncoding = undefined; lastKnownFileType = unknown; explicitFileType = undefined; includeInIndex = 0; };
		29BFC9F10F6C473F88122DF2 /* FontAwesome5_Brands.ttf */ = {isa = PBXFileReference; name = "FontAwesome5_Brands.ttf"; path = "../node_modules/react-native-vector-icons/Fonts/FontAwesome5_Brands.ttf"; sourceTree = "<group>"; fileEncoding = undefined; lastKnownFileType = unknown; explicitFileType = undefined; includeInIndex = 0; };
		2B6D0329C352498EBCFA177D /* FontAwesome5_Regular.ttf */ = {isa = PBXFileReference; name = "FontAwesome5_Regular.ttf"; path = "../node_modules/react-native-vector-icons/Fonts/FontAwesome5_Regular.ttf"; sourceTree = "<group>"; fileEncoding = undefined; lastKnownFileType = unknown; explicitFileType = undefined; includeInIndex = 0; };
		5A70E1712D274160ACF38601 /* FontAwesome5_Solid.ttf */ = {isa = PBXFileReference; name = "FontAwesome5_Solid.ttf"; path = "../node_modules/react-native-vector-icons/Fonts/FontAwesome5_Solid.ttf"; sourceTree = "<group>"; fileEncoding = undefined; lastKnownFileType = unknown; explicitFileType = undefined; includeInIndex = 0; };
		8EBB4C1CC9E64F41B427D84B /* Fontisto.ttf */ = {isa = PBXFileReference; name = "Fontisto.ttf"; path = "../node_modules/react-native-vector-icons/Fonts/Fontisto.ttf"; sourceTree = "<group>"; fileEncoding = undefined; lastKnownFileType = unknown; explicitFileType = undefined; includeInIndex = 0; };
		BC1D85519AA045A4AE5A4385 /* Foundation.ttf */ = {isa = PBXFileReference; name = "Foundation.ttf"; path = "../node_modules/react-native-vector-icons/Fonts/Foundation.ttf"; sourceTree = "<group>"; fileEncoding = undefined; lastKnownFileType = unknown; explicitFileType = undefined; includeInIndex = 0; };
		1AC98436C4C64329AF442729 /* Ionicons.ttf */ = {isa = PBXFileReference; name = "Ionicons.ttf"; path = "../node_modules/react-native-vector-icons/Fonts/Ionicons.ttf"; sourceTree = "<group>"; fileEncoding = undefined; lastKnownFileType = unknown; explicitFileType = undefined; includeInIndex = 0; };
		6B0226117DF5433F9DABAC35 /* MaterialCommunityIcons.ttf */ = {isa = PBXFileReference; name = "MaterialCommunityIcons.ttf"; path = "../node_modules/react-native-vector-icons/Fonts/MaterialCommunityIcons.ttf"; sourceTree = "<group>"; fileEncoding = undefined; lastKnownFileType = unknown; explicitFileType = undefined; includeInIndex = 0; };
		2239F62A0C94441CB09A5E0F /* MaterialIcons.ttf */ = {isa = PBXFileReference; name = "MaterialIcons.ttf"; path = "../node_modules/react-native-vector-icons/Fonts/MaterialIcons.ttf"; sourceTree = "<group>"; fileEncoding = undefined; lastKnownFileType = unknown; explicitFileType = undefined; includeInIndex = 0; };
		B0178A14FC35437BAAB0EC81 /* Octicons.ttf */ = {isa = PBXFileReference; name = "Octicons.ttf"; path = "../node_modules/react-native-vector-icons/Fonts/Octicons.ttf"; sourceTree = "<group>"; fileEncoding = undefined; lastKnownFileType = unknown; explicitFileType = undefined; includeInIndex = 0; };
		A7FE4564626E479083B5E301 /* SimpleLineIcons.ttf */ = {isa = PBXFileReference; name = "SimpleLineIcons.ttf"; path = "../node_modules/react-native-vector-icons/Fonts/SimpleLineIcons.ttf"; sourceTree = "<group>"; fileEncoding = undefined; lastKnownFileType = unknown; explicitFileType = undefined; includeInIndex = 0; };
		40108D9CB42A43A08D0A241A /* Zocial.ttf */ = {isa = PBXFileReference; name = "Zocial.ttf"; path = "../node_modules/react-native-vector-icons/Fonts/Zocial.ttf"; sourceTree = "<group>"; fileEncoding = undefined; lastKnownFileType = unknown; explicitFileType = undefined; includeInIndex = 0; };
=======
		C43179C333E643C59968C457 /* AntDesign.ttf */ = {isa = PBXFileReference; name = "AntDesign.ttf"; path = "../node_modules/react-native-vector-icons/Fonts/AntDesign.ttf"; sourceTree = "<group>"; fileEncoding = undefined; lastKnownFileType = unknown; explicitFileType = undefined; includeInIndex = 0; };
		64663C0FF8A647EEA81669C0 /* Entypo.ttf */ = {isa = PBXFileReference; name = "Entypo.ttf"; path = "../node_modules/react-native-vector-icons/Fonts/Entypo.ttf"; sourceTree = "<group>"; fileEncoding = undefined; lastKnownFileType = unknown; explicitFileType = undefined; includeInIndex = 0; };
		C97C96B1F4FC40648FCB6B03 /* EvilIcons.ttf */ = {isa = PBXFileReference; name = "EvilIcons.ttf"; path = "../node_modules/react-native-vector-icons/Fonts/EvilIcons.ttf"; sourceTree = "<group>"; fileEncoding = undefined; lastKnownFileType = unknown; explicitFileType = undefined; includeInIndex = 0; };
		26247A7AD1114327BE0F6D97 /* Feather.ttf */ = {isa = PBXFileReference; name = "Feather.ttf"; path = "../node_modules/react-native-vector-icons/Fonts/Feather.ttf"; sourceTree = "<group>"; fileEncoding = undefined; lastKnownFileType = unknown; explicitFileType = undefined; includeInIndex = 0; };
		47755A8B4E754349A3501BEB /* FontAwesome.ttf */ = {isa = PBXFileReference; name = "FontAwesome.ttf"; path = "../node_modules/react-native-vector-icons/Fonts/FontAwesome.ttf"; sourceTree = "<group>"; fileEncoding = undefined; lastKnownFileType = unknown; explicitFileType = undefined; includeInIndex = 0; };
		6C5D55E33DF3456C84DD3514 /* FontAwesome5_Brands.ttf */ = {isa = PBXFileReference; name = "FontAwesome5_Brands.ttf"; path = "../node_modules/react-native-vector-icons/Fonts/FontAwesome5_Brands.ttf"; sourceTree = "<group>"; fileEncoding = undefined; lastKnownFileType = unknown; explicitFileType = undefined; includeInIndex = 0; };
		2BAB8BBF7564472AAE7DAAF4 /* FontAwesome5_Regular.ttf */ = {isa = PBXFileReference; name = "FontAwesome5_Regular.ttf"; path = "../node_modules/react-native-vector-icons/Fonts/FontAwesome5_Regular.ttf"; sourceTree = "<group>"; fileEncoding = undefined; lastKnownFileType = unknown; explicitFileType = undefined; includeInIndex = 0; };
		CDAB5D4FFAD241D683C4DBDC /* FontAwesome5_Solid.ttf */ = {isa = PBXFileReference; name = "FontAwesome5_Solid.ttf"; path = "../node_modules/react-native-vector-icons/Fonts/FontAwesome5_Solid.ttf"; sourceTree = "<group>"; fileEncoding = undefined; lastKnownFileType = unknown; explicitFileType = undefined; includeInIndex = 0; };
		CDA69121EDC84D7CA4FDEDD0 /* Fontisto.ttf */ = {isa = PBXFileReference; name = "Fontisto.ttf"; path = "../node_modules/react-native-vector-icons/Fonts/Fontisto.ttf"; sourceTree = "<group>"; fileEncoding = undefined; lastKnownFileType = unknown; explicitFileType = undefined; includeInIndex = 0; };
		76E6D70880044956B438033A /* Foundation.ttf */ = {isa = PBXFileReference; name = "Foundation.ttf"; path = "../node_modules/react-native-vector-icons/Fonts/Foundation.ttf"; sourceTree = "<group>"; fileEncoding = undefined; lastKnownFileType = unknown; explicitFileType = undefined; includeInIndex = 0; };
		2690E5E8895945838B4C21B7 /* Ionicons.ttf */ = {isa = PBXFileReference; name = "Ionicons.ttf"; path = "../node_modules/react-native-vector-icons/Fonts/Ionicons.ttf"; sourceTree = "<group>"; fileEncoding = undefined; lastKnownFileType = unknown; explicitFileType = undefined; includeInIndex = 0; };
		7D492EF028A541DD927E8056 /* MaterialCommunityIcons.ttf */ = {isa = PBXFileReference; name = "MaterialCommunityIcons.ttf"; path = "../node_modules/react-native-vector-icons/Fonts/MaterialCommunityIcons.ttf"; sourceTree = "<group>"; fileEncoding = undefined; lastKnownFileType = unknown; explicitFileType = undefined; includeInIndex = 0; };
		CFF31E379F5748DB8BDF7B6F /* MaterialIcons.ttf */ = {isa = PBXFileReference; name = "MaterialIcons.ttf"; path = "../node_modules/react-native-vector-icons/Fonts/MaterialIcons.ttf"; sourceTree = "<group>"; fileEncoding = undefined; lastKnownFileType = unknown; explicitFileType = undefined; includeInIndex = 0; };
		E3A8A21001EF443CB0334B8C /* Octicons.ttf */ = {isa = PBXFileReference; name = "Octicons.ttf"; path = "../node_modules/react-native-vector-icons/Fonts/Octicons.ttf"; sourceTree = "<group>"; fileEncoding = undefined; lastKnownFileType = unknown; explicitFileType = undefined; includeInIndex = 0; };
		93C05B5C11FC4C42B419621D /* SimpleLineIcons.ttf */ = {isa = PBXFileReference; name = "SimpleLineIcons.ttf"; path = "../node_modules/react-native-vector-icons/Fonts/SimpleLineIcons.ttf"; sourceTree = "<group>"; fileEncoding = undefined; lastKnownFileType = unknown; explicitFileType = undefined; includeInIndex = 0; };
		3624C3AEEB58468CADCB7326 /* Zocial.ttf */ = {isa = PBXFileReference; name = "Zocial.ttf"; path = "../node_modules/react-native-vector-icons/Fonts/Zocial.ttf"; sourceTree = "<group>"; fileEncoding = undefined; lastKnownFileType = unknown; explicitFileType = undefined; includeInIndex = 0; };
>>>>>>> a8b76dfc0601773c88cf89303a4f4ff235038bd5
>>>>>>> 000964c5472ae551375f3c47812e56e4bb9b8637
/* End PBXFileReference section */

/* Begin PBXFrameworksBuildPhase section */
		00E356EB1AD99517003FC87E /* Frameworks */ = {
			isa = PBXFrameworksBuildPhase;
			buildActionMask = 2147483647;
			files = (
			);
			runOnlyForDeploymentPostprocessing = 0;
		};
		13B07F8C1A680F5B00A75B9A /* Frameworks */ = {
			isa = PBXFrameworksBuildPhase;
			buildActionMask = 2147483647;
			files = (
			);
			runOnlyForDeploymentPostprocessing = 0;
		};
		2D02E4781E0B4A5D006451C7 /* Frameworks */ = {
			isa = PBXFrameworksBuildPhase;
			buildActionMask = 2147483647;
			files = (
			);
			runOnlyForDeploymentPostprocessing = 0;
		};
		2D02E48D1E0B4A5D006451C7 /* Frameworks */ = {
			isa = PBXFrameworksBuildPhase;
			buildActionMask = 2147483647;
			files = (
			);
			runOnlyForDeploymentPostprocessing = 0;
		};
/* End PBXFrameworksBuildPhase section */

/* Begin PBXGroup section */
		00E356EF1AD99517003FC87E /* ABOTests */ = {
			isa = PBXGroup;
			children = (
				00E356F21AD99517003FC87E /* ABOTests.m */,
				00E356F01AD99517003FC87E /* Supporting Files */,
			);
			path = ABOTests;
			sourceTree = "<group>";
		};
		00E356F01AD99517003FC87E /* Supporting Files */ = {
			isa = PBXGroup;
			children = (
				00E356F11AD99517003FC87E /* Info.plist */,
			);
			name = "Supporting Files";
			sourceTree = "<group>";
		};
		13B07FAE1A68108700A75B9A /* ABO */ = {
			isa = PBXGroup;
			children = (
				008F07F21AC5B25A0029DE68 /* main.jsbundle */,
				13B07FAF1A68108700A75B9A /* AppDelegate.h */,
				13B07FB01A68108700A75B9A /* AppDelegate.m */,
				13B07FB51A68108700A75B9A /* Images.xcassets */,
				13B07FB61A68108700A75B9A /* Info.plist */,
				13B07FB11A68108700A75B9A /* LaunchScreen.xib */,
				13B07FB71A68108700A75B9A /* main.m */,
			);
			name = ABO;
			sourceTree = "<group>";
		};
		2D16E6871FA4F8E400B85C8A /* Frameworks */ = {
			isa = PBXGroup;
			children = (
				ED297162215061F000B7C4FE /* JavaScriptCore.framework */,
				ED2971642150620600B7C4FE /* JavaScriptCore.framework */,
			);
			name = Frameworks;
			sourceTree = "<group>";
		};
		832341AE1AAA6A7D00B99B32 /* Libraries */ = {
			isa = PBXGroup;
			children = (
			);
			name = Libraries;
			sourceTree = "<group>";
		};
		83CBB9F61A601CBA00E9B192 = {
			isa = PBXGroup;
			children = (
				13B07FAE1A68108700A75B9A /* ABO */,
				832341AE1AAA6A7D00B99B32 /* Libraries */,
				00E356EF1AD99517003FC87E /* ABOTests */,
				83CBBA001A601CBA00E9B192 /* Products */,
				2D16E6871FA4F8E400B85C8A /* Frameworks */,
				1459377C619A46FBA08569DF /* Resources */,
			);
			indentWidth = 2;
			sourceTree = "<group>";
			tabWidth = 2;
			usesTabs = 0;
		};
		83CBBA001A601CBA00E9B192 /* Products */ = {
			isa = PBXGroup;
			children = (
				13B07F961A680F5B00A75B9A /* ABO.app */,
				00E356EE1AD99517003FC87E /* ABOTests.xctest */,
				2D02E47B1E0B4A5D006451C7 /* ABO-tvOS.app */,
				2D02E4901E0B4A5D006451C7 /* ABO-tvOSTests.xctest */,
			);
			name = Products;
			sourceTree = "<group>";
		};
		1459377C619A46FBA08569DF /* Resources */ = {
			isa = "PBXGroup";
			children = (
				0D3B154559474403B3945815 /* Montserrat-Bold.ttf */,
				971B5441588641C68EFBB26E /* Montserrat-Medium.ttf */,
				4092BF15A1E8406588D73DC2 /* Montserrat-Regular.ttf */,
				4666C39431A4427BB59F930B /* Montserrat-SemiBold.ttf */,
				74D3CDFE803A4D7C9E9105BA /* Poppins-Regular.ttf */,
				D58272A850DE48D98A2B8BE4 /* Roboto-Medium.ttf */,
				45F0741C4CC84970BDE1E106 /* Roboto-Regular.ttf */,
<<<<<<< HEAD
				894C23CFF90A4F94952F6D0E /* AntDesign.ttf */,
				99F4576E586E4B0D9E20D7D1 /* Entypo.ttf */,
				E221F4463004409299FE8671 /* EvilIcons.ttf */,
				A57D251FB8684AD3B217D8E7 /* Feather.ttf */,
				B9082D0B7A274AFEA753F893 /* FontAwesome.ttf */,
				29567E707B694B56896C48E9 /* FontAwesome5_Brands.ttf */,
				9B7F6C758C5649E38B208F38 /* FontAwesome5_Regular.ttf */,
				1F15CEC5F9A24E359556E23B /* FontAwesome5_Solid.ttf */,
				E96E6689CF244F76BCD0C79B /* Fontisto.ttf */,
				5916E1110CA24EF5A5D5B06C /* Foundation.ttf */,
				F00F013BE3A8442F9C612569 /* Ionicons.ttf */,
				869B048CE8804E24BC5556BC /* MaterialCommunityIcons.ttf */,
				32C704E5553244E89E4DADCD /* MaterialIcons.ttf */,
				84D83AF110434B6BADA99C01 /* Octicons.ttf */,
				3636E33B59374FECB52D07CF /* SimpleLineIcons.ttf */,
				6DE7D4C12E4144E693706422 /* Zocial.ttf */,
=======
<<<<<<< HEAD
				DF6A5AA7EC134697A0156E45 /* AntDesign.ttf */,
				081490D721EC4DBAAA0BF39B /* Entypo.ttf */,
				611D2844503E4517AC1E9B97 /* EvilIcons.ttf */,
				0ED4854A62A449079F21E000 /* Feather.ttf */,
				2236EE6D643D40A3879F28D2 /* FontAwesome.ttf */,
				29BFC9F10F6C473F88122DF2 /* FontAwesome5_Brands.ttf */,
				2B6D0329C352498EBCFA177D /* FontAwesome5_Regular.ttf */,
				5A70E1712D274160ACF38601 /* FontAwesome5_Solid.ttf */,
				8EBB4C1CC9E64F41B427D84B /* Fontisto.ttf */,
				BC1D85519AA045A4AE5A4385 /* Foundation.ttf */,
				1AC98436C4C64329AF442729 /* Ionicons.ttf */,
				6B0226117DF5433F9DABAC35 /* MaterialCommunityIcons.ttf */,
				2239F62A0C94441CB09A5E0F /* MaterialIcons.ttf */,
				B0178A14FC35437BAAB0EC81 /* Octicons.ttf */,
				A7FE4564626E479083B5E301 /* SimpleLineIcons.ttf */,
				40108D9CB42A43A08D0A241A /* Zocial.ttf */,
=======
				C43179C333E643C59968C457 /* AntDesign.ttf */,
				64663C0FF8A647EEA81669C0 /* Entypo.ttf */,
				C97C96B1F4FC40648FCB6B03 /* EvilIcons.ttf */,
				26247A7AD1114327BE0F6D97 /* Feather.ttf */,
				47755A8B4E754349A3501BEB /* FontAwesome.ttf */,
				6C5D55E33DF3456C84DD3514 /* FontAwesome5_Brands.ttf */,
				2BAB8BBF7564472AAE7DAAF4 /* FontAwesome5_Regular.ttf */,
				CDAB5D4FFAD241D683C4DBDC /* FontAwesome5_Solid.ttf */,
				CDA69121EDC84D7CA4FDEDD0 /* Fontisto.ttf */,
				76E6D70880044956B438033A /* Foundation.ttf */,
				2690E5E8895945838B4C21B7 /* Ionicons.ttf */,
				7D492EF028A541DD927E8056 /* MaterialCommunityIcons.ttf */,
				CFF31E379F5748DB8BDF7B6F /* MaterialIcons.ttf */,
				E3A8A21001EF443CB0334B8C /* Octicons.ttf */,
				93C05B5C11FC4C42B419621D /* SimpleLineIcons.ttf */,
				3624C3AEEB58468CADCB7326 /* Zocial.ttf */,
>>>>>>> a8b76dfc0601773c88cf89303a4f4ff235038bd5
>>>>>>> 000964c5472ae551375f3c47812e56e4bb9b8637
			);
			name = Resources;
			sourceTree = "<group>";
			path = "";
		};
/* End PBXGroup section */

/* Begin PBXNativeTarget section */
		00E356ED1AD99517003FC87E /* ABOTests */ = {
			isa = PBXNativeTarget;
			buildConfigurationList = 00E357021AD99517003FC87E /* Build configuration list for PBXNativeTarget "ABOTests" */;
			buildPhases = (
				00E356EA1AD99517003FC87E /* Sources */,
				00E356EB1AD99517003FC87E /* Frameworks */,
				00E356EC1AD99517003FC87E /* Resources */,
			);
			buildRules = (
			);
			dependencies = (
				00E356F51AD99517003FC87E /* PBXTargetDependency */,
			);
			name = ABOTests;
			productName = ABOTests;
			productReference = 00E356EE1AD99517003FC87E /* ABOTests.xctest */;
			productType = "com.apple.product-type.bundle.unit-test";
		};
		13B07F861A680F5B00A75B9A /* ABO */ = {
			isa = PBXNativeTarget;
			buildConfigurationList = 13B07F931A680F5B00A75B9A /* Build configuration list for PBXNativeTarget "ABO" */;
			buildPhases = (
				FD10A7F022414F080027D42C /* Start Packager */,
				13B07F871A680F5B00A75B9A /* Sources */,
				13B07F8C1A680F5B00A75B9A /* Frameworks */,
				13B07F8E1A680F5B00A75B9A /* Resources */,
				00DD1BFF1BD5951E006B06BC /* Bundle React Native code and images */,
			);
			buildRules = (
			);
			dependencies = (
			);
			name = ABO;
			productName = "ABO";
			productReference = 13B07F961A680F5B00A75B9A /* ABO.app */;
			productType = "com.apple.product-type.application";
		};
		2D02E47A1E0B4A5D006451C7 /* ABO-tvOS */ = {
			isa = PBXNativeTarget;
			buildConfigurationList = 2D02E4BA1E0B4A5E006451C7 /* Build configuration list for PBXNativeTarget "ABO-tvOS" */;
			buildPhases = (
				FD10A7F122414F3F0027D42C /* Start Packager */,
				2D02E4771E0B4A5D006451C7 /* Sources */,
				2D02E4781E0B4A5D006451C7 /* Frameworks */,
				2D02E4791E0B4A5D006451C7 /* Resources */,
				2D02E4CB1E0B4B27006451C7 /* Bundle React Native Code And Images */,
			);
			buildRules = (
			);
			dependencies = (
			);
			name = "ABO-tvOS";
			productName = "ABO-tvOS";
			productReference = 2D02E47B1E0B4A5D006451C7 /* ABO-tvOS.app */;
			productType = "com.apple.product-type.application";
		};
		2D02E48F1E0B4A5D006451C7 /* ABO-tvOSTests */ = {
			isa = PBXNativeTarget;
			buildConfigurationList = 2D02E4BB1E0B4A5E006451C7 /* Build configuration list for PBXNativeTarget "ABO-tvOSTests" */;
			buildPhases = (
				2D02E48C1E0B4A5D006451C7 /* Sources */,
				2D02E48D1E0B4A5D006451C7 /* Frameworks */,
				2D02E48E1E0B4A5D006451C7 /* Resources */,
			);
			buildRules = (
			);
			dependencies = (
				2D02E4921E0B4A5D006451C7 /* PBXTargetDependency */,
			);
			name = "ABO-tvOSTests";
			productName = "ABO-tvOSTests";
			productReference = 2D02E4901E0B4A5D006451C7 /* ABO-tvOSTests.xctest */;
			productType = "com.apple.product-type.bundle.unit-test";
		};
/* End PBXNativeTarget section */

/* Begin PBXProject section */
		83CBB9F71A601CBA00E9B192 /* Project object */ = {
			isa = PBXProject;
			attributes = {
				LastUpgradeCheck = 940;
				ORGANIZATIONNAME = Facebook;
				TargetAttributes = {
					00E356ED1AD99517003FC87E = {
						CreatedOnToolsVersion = 6.2;
						TestTargetID = 13B07F861A680F5B00A75B9A;
					};
					2D02E47A1E0B4A5D006451C7 = {
						CreatedOnToolsVersion = 8.2.1;
						ProvisioningStyle = Automatic;
					};
					2D02E48F1E0B4A5D006451C7 = {
						CreatedOnToolsVersion = 8.2.1;
						ProvisioningStyle = Automatic;
						TestTargetID = 2D02E47A1E0B4A5D006451C7;
					};
				};
			};
			buildConfigurationList = 83CBB9FA1A601CBA00E9B192 /* Build configuration list for PBXProject "ABO" */;
			compatibilityVersion = "Xcode 3.2";
			developmentRegion = English;
			hasScannedForEncodings = 0;
			knownRegions = (
				en,
				Base,
			);
			mainGroup = 83CBB9F61A601CBA00E9B192;
			productRefGroup = 83CBBA001A601CBA00E9B192 /* Products */;
			projectDirPath = "";
			projectRoot = "";
			targets = (
				13B07F861A680F5B00A75B9A /* ABO */,
				00E356ED1AD99517003FC87E /* ABOTests */,
				2D02E47A1E0B4A5D006451C7 /* ABO-tvOS */,
				2D02E48F1E0B4A5D006451C7 /* ABO-tvOSTests */,
			);
		};
/* End PBXProject section */

/* Begin PBXResourcesBuildPhase section */
		00E356EC1AD99517003FC87E /* Resources */ = {
			isa = PBXResourcesBuildPhase;
			buildActionMask = 2147483647;
			files = (
			);
			runOnlyForDeploymentPostprocessing = 0;
		};
		13B07F8E1A680F5B00A75B9A /* Resources */ = {
			isa = PBXResourcesBuildPhase;
			buildActionMask = 2147483647;
			files = (
				13B07FBF1A68108700A75B9A /* Images.xcassets in Resources */,
				13B07FBD1A68108700A75B9A /* LaunchScreen.xib in Resources */,
				C8955ABE5A424AAEBD62745C /* Montserrat-Bold.ttf in Resources */,
				5B256EE25B2D46C08BCA7798 /* Montserrat-Medium.ttf in Resources */,
				16B8FD4785EA49BBA401D3C1 /* Montserrat-Regular.ttf in Resources */,
				26B4D9EBCDFC467E8F887758 /* Montserrat-SemiBold.ttf in Resources */,
				78E008F2D3EF49DC8D6405D9 /* Poppins-Regular.ttf in Resources */,
				CF095BF431414DF98F4A7B84 /* Roboto-Medium.ttf in Resources */,
				A3EDA3BA85E048BD91F5A408 /* Roboto-Regular.ttf in Resources */,
<<<<<<< HEAD
				8230D756EA1F4D579C21EBA5 /* AntDesign.ttf in Resources */,
				ED8816EFE34F44689D9A04C3 /* Entypo.ttf in Resources */,
				D87F65B9076540C8B687C927 /* EvilIcons.ttf in Resources */,
				5E0738EE280C4CA7A63E4C0A /* Feather.ttf in Resources */,
				305C75395D584EF99DE7DFB8 /* FontAwesome.ttf in Resources */,
				896532C63A674A91A9A03A72 /* FontAwesome5_Brands.ttf in Resources */,
				F1B98C3D9536476EA9CE74C1 /* FontAwesome5_Regular.ttf in Resources */,
				3DD5D6EB2AAF4E3FBF6B083F /* FontAwesome5_Solid.ttf in Resources */,
				5E4FC1E83FCC4FC2B3C75A97 /* Fontisto.ttf in Resources */,
				4BC00FAEEDF84794847EFB78 /* Foundation.ttf in Resources */,
				97F38D302C77433BA5BB077D /* Ionicons.ttf in Resources */,
				AF1FDDBFB30C4BB090C5B673 /* MaterialCommunityIcons.ttf in Resources */,
				38B647E1C5DE4CBDBE5D3723 /* MaterialIcons.ttf in Resources */,
				ACA0F0FC7AAC4652BE3EDC23 /* Octicons.ttf in Resources */,
				9022FFA7147A4486BCB9060A /* SimpleLineIcons.ttf in Resources */,
				D44D28C0E2A9472EA6883EA5 /* Zocial.ttf in Resources */,
=======
<<<<<<< HEAD
				045DE62FCFD54C22A0ABB4DF /* AntDesign.ttf in Resources */,
				93DDCC66FA0046CD90767811 /* Entypo.ttf in Resources */,
				A47DD327AB9D47A2839677CB /* EvilIcons.ttf in Resources */,
				4983A3570DFE42D8A48BA43E /* Feather.ttf in Resources */,
				79300FB88876482AAF09B50E /* FontAwesome.ttf in Resources */,
				8E3592FF15CA4773AE373FC7 /* FontAwesome5_Brands.ttf in Resources */,
				D394BAB5ACCE4A96B98D854C /* FontAwesome5_Regular.ttf in Resources */,
				72047EF4DB314031AA1C847D /* FontAwesome5_Solid.ttf in Resources */,
				613C5DD1814A4E929E0654CD /* Fontisto.ttf in Resources */,
				F86DA5A680B541EBBD42B8B6 /* Foundation.ttf in Resources */,
				1AD09062B77647229CCDFDC5 /* Ionicons.ttf in Resources */,
				E6213F99615E44D797A35E87 /* MaterialCommunityIcons.ttf in Resources */,
				0446A85405A04314B9EEFB55 /* MaterialIcons.ttf in Resources */,
				9AB1CD370E7949B0B2C0D549 /* Octicons.ttf in Resources */,
				9B696B9B015F4F4AB59EE5C0 /* SimpleLineIcons.ttf in Resources */,
				09C136D4BB0649559F194F0D /* Zocial.ttf in Resources */,
=======
				504EDF43E470481B897194AE /* AntDesign.ttf in Resources */,
				A6D15EEA0F5842AAB7F01A8B /* Entypo.ttf in Resources */,
				7200B5C41F8145C59DE6CBEF /* EvilIcons.ttf in Resources */,
				9AA56427DADB4748A16B3BC6 /* Feather.ttf in Resources */,
				115EB869D2F642C49434F6F5 /* FontAwesome.ttf in Resources */,
				3E40EA5CFDBD4B168AF93E0D /* FontAwesome5_Brands.ttf in Resources */,
				3BE8FFAFD5DF4551854EE470 /* FontAwesome5_Regular.ttf in Resources */,
				9B2717FB0C3A4B5D94979B35 /* FontAwesome5_Solid.ttf in Resources */,
				A367777DFD674CF9978CD15C /* Fontisto.ttf in Resources */,
				3ECB9868F024445184930821 /* Foundation.ttf in Resources */,
				FB184F950EF44CFB946EF951 /* Ionicons.ttf in Resources */,
				3943A8E4CAE44657AC300749 /* MaterialCommunityIcons.ttf in Resources */,
				D80400CB5735429A8CA89A92 /* MaterialIcons.ttf in Resources */,
				7873CC78534144BA8158DF67 /* Octicons.ttf in Resources */,
				6BA6A004C7CF49AC858DAB45 /* SimpleLineIcons.ttf in Resources */,
				B3ED2C2A4A4F49C88F88FB3E /* Zocial.ttf in Resources */,
>>>>>>> a8b76dfc0601773c88cf89303a4f4ff235038bd5
>>>>>>> 000964c5472ae551375f3c47812e56e4bb9b8637
			);
			runOnlyForDeploymentPostprocessing = 0;
		};
		2D02E4791E0B4A5D006451C7 /* Resources */ = {
			isa = PBXResourcesBuildPhase;
			buildActionMask = 2147483647;
			files = (
				2D02E4BD1E0B4A84006451C7 /* Images.xcassets in Resources */,
			);
			runOnlyForDeploymentPostprocessing = 0;
		};
		2D02E48E1E0B4A5D006451C7 /* Resources */ = {
			isa = PBXResourcesBuildPhase;
			buildActionMask = 2147483647;
			files = (
			);
			runOnlyForDeploymentPostprocessing = 0;
		};
/* End PBXResourcesBuildPhase section */

/* Begin PBXShellScriptBuildPhase section */
		00DD1BFF1BD5951E006B06BC /* Bundle React Native code and images */ = {
			isa = PBXShellScriptBuildPhase;
			buildActionMask = 2147483647;
			files = (
			);
			inputPaths = (
			);
			name = "Bundle React Native code and images";
			outputPaths = (
			);
			runOnlyForDeploymentPostprocessing = 0;
			shellPath = /bin/sh;
			shellScript = "export NODE_BINARY=node\n../node_modules/react-native/scripts/react-native-xcode.sh";
		};
		2D02E4CB1E0B4B27006451C7 /* Bundle React Native Code And Images */ = {
			isa = PBXShellScriptBuildPhase;
			buildActionMask = 2147483647;
			files = (
			);
			inputPaths = (
			);
			name = "Bundle React Native Code And Images";
			outputPaths = (
			);
			runOnlyForDeploymentPostprocessing = 0;
			shellPath = /bin/sh;
			shellScript = "export NODE_BINARY=node\n../node_modules/react-native/scripts/react-native-xcode.sh";
		};
		FD10A7F022414F080027D42C /* Start Packager */ = {
			isa = PBXShellScriptBuildPhase;
			buildActionMask = 2147483647;
			files = (
			);
			inputFileListPaths = (
			);
			inputPaths = (
			);
			name = "Start Packager";
			outputFileListPaths = (
			);
			outputPaths = (
			);
			runOnlyForDeploymentPostprocessing = 0;
			shellPath = /bin/sh;
			shellScript = "export RCT_METRO_PORT=\"${RCT_METRO_PORT:=8081}\"\necho \"export RCT_METRO_PORT=${RCT_METRO_PORT}\" > \"${SRCROOT}/../node_modules/react-native/scripts/.packager.env\"\nif [ -z \"${RCT_NO_LAUNCH_PACKAGER+xxx}\" ] ; then\n  if nc -w 5 -z localhost ${RCT_METRO_PORT} ; then\n    if ! curl -s \"http://localhost:${RCT_METRO_PORT}/status\" | grep -q \"packager-status:running\" ; then\n      echo \"Port ${RCT_METRO_PORT} already in use, packager is either not running or not running correctly\"\n      exit 2\n    fi\n  else\n    open \"$SRCROOT/../node_modules/react-native/scripts/launchPackager.command\" || echo \"Can't start packager automatically\"\n  fi\nfi\n";
			showEnvVarsInLog = 0;
		};
		FD10A7F122414F3F0027D42C /* Start Packager */ = {
			isa = PBXShellScriptBuildPhase;
			buildActionMask = 2147483647;
			files = (
			);
			inputFileListPaths = (
			);
			inputPaths = (
			);
			name = "Start Packager";
			outputFileListPaths = (
			);
			outputPaths = (
			);
			runOnlyForDeploymentPostprocessing = 0;
			shellPath = /bin/sh;
			shellScript = "export RCT_METRO_PORT=\"${RCT_METRO_PORT:=8081}\"\necho \"export RCT_METRO_PORT=${RCT_METRO_PORT}\" > \"${SRCROOT}/../node_modules/react-native/scripts/.packager.env\"\nif [ -z \"${RCT_NO_LAUNCH_PACKAGER+xxx}\" ] ; then\n  if nc -w 5 -z localhost ${RCT_METRO_PORT} ; then\n    if ! curl -s \"http://localhost:${RCT_METRO_PORT}/status\" | grep -q \"packager-status:running\" ; then\n      echo \"Port ${RCT_METRO_PORT} already in use, packager is either not running or not running correctly\"\n      exit 2\n    fi\n  else\n    open \"$SRCROOT/../node_modules/react-native/scripts/launchPackager.command\" || echo \"Can't start packager automatically\"\n  fi\nfi\n";
			showEnvVarsInLog = 0;
		};
/* End PBXShellScriptBuildPhase section */

/* Begin PBXSourcesBuildPhase section */
		00E356EA1AD99517003FC87E /* Sources */ = {
			isa = PBXSourcesBuildPhase;
			buildActionMask = 2147483647;
			files = (
				00E356F31AD99517003FC87E /* ABOTests.m in Sources */,
			);
			runOnlyForDeploymentPostprocessing = 0;
		};
		13B07F871A680F5B00A75B9A /* Sources */ = {
			isa = PBXSourcesBuildPhase;
			buildActionMask = 2147483647;
			files = (
				13B07FBC1A68108700A75B9A /* AppDelegate.m in Sources */,
				13B07FC11A68108700A75B9A /* main.m in Sources */,
			);
			runOnlyForDeploymentPostprocessing = 0;
		};
		2D02E4771E0B4A5D006451C7 /* Sources */ = {
			isa = PBXSourcesBuildPhase;
			buildActionMask = 2147483647;
			files = (
				2D02E4BF1E0B4AB3006451C7 /* main.m in Sources */,
				2D02E4BC1E0B4A80006451C7 /* AppDelegate.m in Sources */,
			);
			runOnlyForDeploymentPostprocessing = 0;
		};
		2D02E48C1E0B4A5D006451C7 /* Sources */ = {
			isa = PBXSourcesBuildPhase;
			buildActionMask = 2147483647;
			files = (
				2DCD954D1E0B4F2C00145EB5 /* ABOTests.m in Sources */,
			);
			runOnlyForDeploymentPostprocessing = 0;
		};
/* End PBXSourcesBuildPhase section */

/* Begin PBXTargetDependency section */
		00E356F51AD99517003FC87E /* PBXTargetDependency */ = {
			isa = PBXTargetDependency;
			target = 13B07F861A680F5B00A75B9A /* ABO */;
			targetProxy = 00E356F41AD99517003FC87E /* PBXContainerItemProxy */;
		};
		2D02E4921E0B4A5D006451C7 /* PBXTargetDependency */ = {
			isa = PBXTargetDependency;
			target = 2D02E47A1E0B4A5D006451C7 /* ABO-tvOS */;
			targetProxy = 2D02E4911E0B4A5D006451C7 /* PBXContainerItemProxy */;
		};
/* End PBXTargetDependency section */

/* Begin PBXVariantGroup section */
		13B07FB11A68108700A75B9A /* LaunchScreen.xib */ = {
			isa = PBXVariantGroup;
			children = (
				13B07FB21A68108700A75B9A /* Base */,
			);
			name = LaunchScreen.xib;
			path = ABO;
			sourceTree = "<group>";
		};
/* End PBXVariantGroup section */

/* Begin XCBuildConfiguration section */
		00E356F61AD99517003FC87E /* Debug */ = {
			isa = XCBuildConfiguration;
			buildSettings = {
				BUNDLE_LOADER = "$(TEST_HOST)";
				GCC_PREPROCESSOR_DEFINITIONS = (
					"DEBUG=1",
					"$(inherited)",
				);
				INFOPLIST_FILE = ABOTests/Info.plist;
				IPHONEOS_DEPLOYMENT_TARGET = 9.0;
				LD_RUNPATH_SEARCH_PATHS = "$(inherited) @executable_path/Frameworks @loader_path/Frameworks";
				OTHER_LDFLAGS = (
					"-ObjC",
					"-lc++",
					"$(inherited)",
				);
				PRODUCT_BUNDLE_IDENTIFIER = "org.reactjs.native.example.$(PRODUCT_NAME:rfc1034identifier)";
				PRODUCT_NAME = "$(TARGET_NAME)";
				TEST_HOST = "$(BUILT_PRODUCTS_DIR)/ABO.app/ABO";
			};
			name = Debug;
		};
		00E356F71AD99517003FC87E /* Release */ = {
			isa = XCBuildConfiguration;
			buildSettings = {
				BUNDLE_LOADER = "$(TEST_HOST)";
				COPY_PHASE_STRIP = NO;
				INFOPLIST_FILE = ABOTests/Info.plist;
				IPHONEOS_DEPLOYMENT_TARGET = 9.0;
				LD_RUNPATH_SEARCH_PATHS = "$(inherited) @executable_path/Frameworks @loader_path/Frameworks";
				OTHER_LDFLAGS = (
					"-ObjC",
					"-lc++",
					"$(inherited)",
				);
				PRODUCT_BUNDLE_IDENTIFIER = "org.reactjs.native.example.$(PRODUCT_NAME:rfc1034identifier)";
				PRODUCT_NAME = "$(TARGET_NAME)";
				TEST_HOST = "$(BUILT_PRODUCTS_DIR)/ABO.app/ABO";
			};
			name = Release;
		};
		13B07F941A680F5B00A75B9A /* Debug */ = {
			isa = XCBuildConfiguration;
			buildSettings = {
				ASSETCATALOG_COMPILER_APPICON_NAME = AppIcon;
				CURRENT_PROJECT_VERSION = 1;
				DEAD_CODE_STRIPPING = NO;
				INFOPLIST_FILE = ABO/Info.plist;
				LD_RUNPATH_SEARCH_PATHS = "$(inherited) @executable_path/Frameworks";
				OTHER_LDFLAGS = (
					"$(inherited)",
					"-ObjC",
					"-lc++",
				);
				PRODUCT_BUNDLE_IDENTIFIER = "org.reactjs.native.example.$(PRODUCT_NAME:rfc1034identifier)";
				PRODUCT_NAME = ABO;
				VERSIONING_SYSTEM = "apple-generic";
			};
			name = Debug;
		};
		13B07F951A680F5B00A75B9A /* Release */ = {
			isa = XCBuildConfiguration;
			buildSettings = {
				ASSETCATALOG_COMPILER_APPICON_NAME = AppIcon;
				CURRENT_PROJECT_VERSION = 1;
				INFOPLIST_FILE = ABO/Info.plist;
				LD_RUNPATH_SEARCH_PATHS = "$(inherited) @executable_path/Frameworks";
				OTHER_LDFLAGS = (
					"$(inherited)",
					"-ObjC",
					"-lc++",
				);
				PRODUCT_BUNDLE_IDENTIFIER = "org.reactjs.native.example.$(PRODUCT_NAME:rfc1034identifier)";
				PRODUCT_NAME = ABO;
				VERSIONING_SYSTEM = "apple-generic";
			};
			name = Release;
		};
		2D02E4971E0B4A5E006451C7 /* Debug */ = {
			isa = XCBuildConfiguration;
			buildSettings = {
				ASSETCATALOG_COMPILER_APPICON_NAME = "App Icon & Top Shelf Image";
				ASSETCATALOG_COMPILER_LAUNCHIMAGE_NAME = LaunchImage;
				CLANG_ANALYZER_NONNULL = YES;
				CLANG_WARN_DOCUMENTATION_COMMENTS = YES;
				CLANG_WARN_INFINITE_RECURSION = YES;
				CLANG_WARN_SUSPICIOUS_MOVE = YES;
				DEBUG_INFORMATION_FORMAT = dwarf;
				ENABLE_TESTABILITY = YES;
				GCC_NO_COMMON_BLOCKS = YES;
				INFOPLIST_FILE = "ABO-tvOS/Info.plist";
				LD_RUNPATH_SEARCH_PATHS = "$(inherited) @executable_path/Frameworks";
				OTHER_LDFLAGS = (
					"$(inherited)",
					"-ObjC",
					"-lc++",
				);
				PRODUCT_BUNDLE_IDENTIFIER = "com.facebook.REACT.ABO-tvOS";
				PRODUCT_NAME = "$(TARGET_NAME)";
				SDKROOT = appletvos;
				TARGETED_DEVICE_FAMILY = 3;
				TVOS_DEPLOYMENT_TARGET = 9.2;
			};
			name = Debug;
		};
		2D02E4981E0B4A5E006451C7 /* Release */ = {
			isa = XCBuildConfiguration;
			buildSettings = {
				ASSETCATALOG_COMPILER_APPICON_NAME = "App Icon & Top Shelf Image";
				ASSETCATALOG_COMPILER_LAUNCHIMAGE_NAME = LaunchImage;
				CLANG_ANALYZER_NONNULL = YES;
				CLANG_WARN_DOCUMENTATION_COMMENTS = YES;
				CLANG_WARN_INFINITE_RECURSION = YES;
				CLANG_WARN_SUSPICIOUS_MOVE = YES;
				COPY_PHASE_STRIP = NO;
				DEBUG_INFORMATION_FORMAT = "dwarf-with-dsym";
				GCC_NO_COMMON_BLOCKS = YES;
				INFOPLIST_FILE = "ABO-tvOS/Info.plist";
				LD_RUNPATH_SEARCH_PATHS = "$(inherited) @executable_path/Frameworks";
				OTHER_LDFLAGS = (
					"$(inherited)",
					"-ObjC",
					"-lc++",
				);
				PRODUCT_BUNDLE_IDENTIFIER = "com.facebook.REACT.ABO-tvOS";
				PRODUCT_NAME = "$(TARGET_NAME)";
				SDKROOT = appletvos;
				TARGETED_DEVICE_FAMILY = 3;
				TVOS_DEPLOYMENT_TARGET = 9.2;
			};
			name = Release;
		};
		2D02E4991E0B4A5E006451C7 /* Debug */ = {
			isa = XCBuildConfiguration;
			buildSettings = {
				BUNDLE_LOADER = "$(TEST_HOST)";
				CLANG_ANALYZER_NONNULL = YES;
				CLANG_WARN_DOCUMENTATION_COMMENTS = YES;
				CLANG_WARN_INFINITE_RECURSION = YES;
				CLANG_WARN_SUSPICIOUS_MOVE = YES;
				DEBUG_INFORMATION_FORMAT = dwarf;
				ENABLE_TESTABILITY = YES;
				GCC_NO_COMMON_BLOCKS = YES;
				INFOPLIST_FILE = "ABO-tvOSTests/Info.plist";
				LD_RUNPATH_SEARCH_PATHS = "$(inherited) @executable_path/Frameworks @loader_path/Frameworks";
				OTHER_LDFLAGS = (
					"$(inherited)",
					"-ObjC",
					"-lc++",
				);
				PRODUCT_BUNDLE_IDENTIFIER = "com.facebook.REACT.ABO-tvOSTests";
				PRODUCT_NAME = "$(TARGET_NAME)";
				SDKROOT = appletvos;
				TEST_HOST = "$(BUILT_PRODUCTS_DIR)/ABO-tvOS.app/ABO-tvOS";
				TVOS_DEPLOYMENT_TARGET = 10.1;
			};
			name = Debug;
		};
		2D02E49A1E0B4A5E006451C7 /* Release */ = {
			isa = XCBuildConfiguration;
			buildSettings = {
				BUNDLE_LOADER = "$(TEST_HOST)";
				CLANG_ANALYZER_NONNULL = YES;
				CLANG_WARN_DOCUMENTATION_COMMENTS = YES;
				CLANG_WARN_INFINITE_RECURSION = YES;
				CLANG_WARN_SUSPICIOUS_MOVE = YES;
				COPY_PHASE_STRIP = NO;
				DEBUG_INFORMATION_FORMAT = "dwarf-with-dsym";
				GCC_NO_COMMON_BLOCKS = YES;
				INFOPLIST_FILE = "ABO-tvOSTests/Info.plist";
				LD_RUNPATH_SEARCH_PATHS = "$(inherited) @executable_path/Frameworks @loader_path/Frameworks";
				OTHER_LDFLAGS = (
					"$(inherited)",
					"-ObjC",
					"-lc++",
				);
				PRODUCT_BUNDLE_IDENTIFIER = "com.facebook.REACT.ABO-tvOSTests";
				PRODUCT_NAME = "$(TARGET_NAME)";
				SDKROOT = appletvos;
				TEST_HOST = "$(BUILT_PRODUCTS_DIR)/ABO-tvOS.app/ABO-tvOS";
				TVOS_DEPLOYMENT_TARGET = 10.1;
			};
			name = Release;
		};
		83CBBA201A601CBA00E9B192 /* Debug */ = {
			isa = XCBuildConfiguration;
			buildSettings = {
				ALWAYS_SEARCH_USER_PATHS = NO;
				CLANG_CXX_LANGUAGE_STANDARD = "gnu++0x";
				CLANG_CXX_LIBRARY = "libc++";
				CLANG_ENABLE_MODULES = YES;
				CLANG_ENABLE_OBJC_ARC = YES;
				CLANG_WARN_BLOCK_CAPTURE_AUTORELEASING = YES;
				CLANG_WARN_BOOL_CONVERSION = YES;
				CLANG_WARN_COMMA = YES;
				CLANG_WARN_CONSTANT_CONVERSION = YES;
				CLANG_WARN_DEPRECATED_OBJC_IMPLEMENTATIONS = YES;
				CLANG_WARN_DIRECT_OBJC_ISA_USAGE = YES_ERROR;
				CLANG_WARN_EMPTY_BODY = YES;
				CLANG_WARN_ENUM_CONVERSION = YES;
				CLANG_WARN_INFINITE_RECURSION = YES;
				CLANG_WARN_INT_CONVERSION = YES;
				CLANG_WARN_NON_LITERAL_NULL_CONVERSION = YES;
				CLANG_WARN_OBJC_IMPLICIT_RETAIN_SELF = YES;
				CLANG_WARN_OBJC_LITERAL_CONVERSION = YES;
				CLANG_WARN_OBJC_ROOT_CLASS = YES_ERROR;
				CLANG_WARN_RANGE_LOOP_ANALYSIS = YES;
				CLANG_WARN_STRICT_PROTOTYPES = YES;
				CLANG_WARN_SUSPICIOUS_MOVE = YES;
				CLANG_WARN_UNREACHABLE_CODE = YES;
				CLANG_WARN__DUPLICATE_METHOD_MATCH = YES;
				"CODE_SIGN_IDENTITY[sdk=iphoneos*]" = "iPhone Developer";
				COPY_PHASE_STRIP = NO;
				ENABLE_STRICT_OBJC_MSGSEND = YES;
				ENABLE_TESTABILITY = YES;
				GCC_C_LANGUAGE_STANDARD = gnu99;
				GCC_DYNAMIC_NO_PIC = NO;
				GCC_NO_COMMON_BLOCKS = YES;
				GCC_OPTIMIZATION_LEVEL = 0;
				GCC_PREPROCESSOR_DEFINITIONS = (
					"DEBUG=1",
					"$(inherited)",
				);
				GCC_SYMBOLS_PRIVATE_EXTERN = NO;
				GCC_WARN_64_TO_32_BIT_CONVERSION = YES;
				GCC_WARN_ABOUT_RETURN_TYPE = YES_ERROR;
				GCC_WARN_UNDECLARED_SELECTOR = YES;
				GCC_WARN_UNINITIALIZED_AUTOS = YES_AGGRESSIVE;
				GCC_WARN_UNUSED_FUNCTION = YES;
				GCC_WARN_UNUSED_VARIABLE = YES;
				IPHONEOS_DEPLOYMENT_TARGET = 9.0;
				MTL_ENABLE_DEBUG_INFO = YES;
				ONLY_ACTIVE_ARCH = YES;
				SDKROOT = iphoneos;
			};
			name = Debug;
		};
		83CBBA211A601CBA00E9B192 /* Release */ = {
			isa = XCBuildConfiguration;
			buildSettings = {
				ALWAYS_SEARCH_USER_PATHS = NO;
				CLANG_CXX_LANGUAGE_STANDARD = "gnu++0x";
				CLANG_CXX_LIBRARY = "libc++";
				CLANG_ENABLE_MODULES = YES;
				CLANG_ENABLE_OBJC_ARC = YES;
				CLANG_WARN_BLOCK_CAPTURE_AUTORELEASING = YES;
				CLANG_WARN_BOOL_CONVERSION = YES;
				CLANG_WARN_COMMA = YES;
				CLANG_WARN_CONSTANT_CONVERSION = YES;
				CLANG_WARN_DEPRECATED_OBJC_IMPLEMENTATIONS = YES;
				CLANG_WARN_DIRECT_OBJC_ISA_USAGE = YES_ERROR;
				CLANG_WARN_EMPTY_BODY = YES;
				CLANG_WARN_ENUM_CONVERSION = YES;
				CLANG_WARN_INFINITE_RECURSION = YES;
				CLANG_WARN_INT_CONVERSION = YES;
				CLANG_WARN_NON_LITERAL_NULL_CONVERSION = YES;
				CLANG_WARN_OBJC_IMPLICIT_RETAIN_SELF = YES;
				CLANG_WARN_OBJC_LITERAL_CONVERSION = YES;
				CLANG_WARN_OBJC_ROOT_CLASS = YES_ERROR;
				CLANG_WARN_RANGE_LOOP_ANALYSIS = YES;
				CLANG_WARN_STRICT_PROTOTYPES = YES;
				CLANG_WARN_SUSPICIOUS_MOVE = YES;
				CLANG_WARN_UNREACHABLE_CODE = YES;
				CLANG_WARN__DUPLICATE_METHOD_MATCH = YES;
				"CODE_SIGN_IDENTITY[sdk=iphoneos*]" = "iPhone Developer";
				COPY_PHASE_STRIP = YES;
				ENABLE_NS_ASSERTIONS = NO;
				ENABLE_STRICT_OBJC_MSGSEND = YES;
				GCC_C_LANGUAGE_STANDARD = gnu99;
				GCC_NO_COMMON_BLOCKS = YES;
				GCC_WARN_64_TO_32_BIT_CONVERSION = YES;
				GCC_WARN_ABOUT_RETURN_TYPE = YES_ERROR;
				GCC_WARN_UNDECLARED_SELECTOR = YES;
				GCC_WARN_UNINITIALIZED_AUTOS = YES_AGGRESSIVE;
				GCC_WARN_UNUSED_FUNCTION = YES;
				GCC_WARN_UNUSED_VARIABLE = YES;
				IPHONEOS_DEPLOYMENT_TARGET = 9.0;
				MTL_ENABLE_DEBUG_INFO = NO;
				SDKROOT = iphoneos;
				VALIDATE_PRODUCT = YES;
			};
			name = Release;
		};
/* End XCBuildConfiguration section */

/* Begin XCConfigurationList section */
		00E357021AD99517003FC87E /* Build configuration list for PBXNativeTarget "ABOTests" */ = {
			isa = XCConfigurationList;
			buildConfigurations = (
				00E356F61AD99517003FC87E /* Debug */,
				00E356F71AD99517003FC87E /* Release */,
			);
			defaultConfigurationIsVisible = 0;
			defaultConfigurationName = Release;
		};
		13B07F931A680F5B00A75B9A /* Build configuration list for PBXNativeTarget "ABO" */ = {
			isa = XCConfigurationList;
			buildConfigurations = (
				13B07F941A680F5B00A75B9A /* Debug */,
				13B07F951A680F5B00A75B9A /* Release */,
			);
			defaultConfigurationIsVisible = 0;
			defaultConfigurationName = Release;
		};
		2D02E4BA1E0B4A5E006451C7 /* Build configuration list for PBXNativeTarget "ABO-tvOS" */ = {
			isa = XCConfigurationList;
			buildConfigurations = (
				2D02E4971E0B4A5E006451C7 /* Debug */,
				2D02E4981E0B4A5E006451C7 /* Release */,
			);
			defaultConfigurationIsVisible = 0;
			defaultConfigurationName = Release;
		};
		2D02E4BB1E0B4A5E006451C7 /* Build configuration list for PBXNativeTarget "ABO-tvOSTests" */ = {
			isa = XCConfigurationList;
			buildConfigurations = (
				2D02E4991E0B4A5E006451C7 /* Debug */,
				2D02E49A1E0B4A5E006451C7 /* Release */,
			);
			defaultConfigurationIsVisible = 0;
			defaultConfigurationName = Release;
		};
		83CBB9FA1A601CBA00E9B192 /* Build configuration list for PBXProject "ABO" */ = {
			isa = XCConfigurationList;
			buildConfigurations = (
				83CBBA201A601CBA00E9B192 /* Debug */,
				83CBBA211A601CBA00E9B192 /* Release */,
			);
			defaultConfigurationIsVisible = 0;
			defaultConfigurationName = Release;
		};
/* End XCConfigurationList section */
	};
	rootObject = 83CBB9F71A601CBA00E9B192 /* Project object */;
}
